// !$*UTF8*$!
{
	archiveVersion = 1;
	classes = {
	};
	objectVersion = 46;
	objects = {

/* Begin PBXBuildFile section */
		279FAA1D57B03FEFB1A92AFA /* Pods_bounceOSCs.framework in Frameworks */ = {isa = PBXBuildFile; fileRef = 9BA7BA15B3B83AE03B3EEF2C /* Pods_bounceOSCs.framework */; };
		F0345E721ED495CA00D1038A /* AppDelegate.swift in Sources */ = {isa = PBXBuildFile; fileRef = F0345E711ED495CA00D1038A /* AppDelegate.swift */; };
		F0345E741ED495CA00D1038A /* FirstViewController.swift in Sources */ = {isa = PBXBuildFile; fileRef = F0345E731ED495CA00D1038A /* FirstViewController.swift */; };
		F0345E761ED495CA00D1038A /* SecondViewController.swift in Sources */ = {isa = PBXBuildFile; fileRef = F0345E751ED495CA00D1038A /* SecondViewController.swift */; };
		F0345E791ED495CA00D1038A /* Main.storyboard in Resources */ = {isa = PBXBuildFile; fileRef = F0345E771ED495CA00D1038A /* Main.storyboard */; };
		F0345E7B1ED495CA00D1038A /* Assets.xcassets in Resources */ = {isa = PBXBuildFile; fileRef = F0345E7A1ED495CA00D1038A /* Assets.xcassets */; };
		F0345E7E1ED495CA00D1038A /* LaunchScreen.storyboard in Resources */ = {isa = PBXBuildFile; fileRef = F0345E7C1ED495CA00D1038A /* LaunchScreen.storyboard */; };
		F0345E861ED4AA0700D1038A /* SensorController.swift in Sources */ = {isa = PBXBuildFile; fileRef = F0345E851ED4AA0700D1038A /* SensorController.swift */; };
/* End PBXBuildFile section */

/* Begin PBXFileReference section */
		5C6B2055AE0AB9877DAFC5AC /* Pods-bounceOSCs.release.xcconfig */ = {isa = PBXFileReference; includeInIndex = 1; lastKnownFileType = text.xcconfig; name = "Pods-bounceOSCs.release.xcconfig"; path = "Pods/Target Support Files/Pods-bounceOSCs/Pods-bounceOSCs.release.xcconfig"; sourceTree = "<group>"; };
		6AA8B20FC592CF5F13144390 /* Pods-bounceOSCs.debug.xcconfig */ = {isa = PBXFileReference; includeInIndex = 1; lastKnownFileType = text.xcconfig; name = "Pods-bounceOSCs.debug.xcconfig"; path = "Pods/Target Support Files/Pods-bounceOSCs/Pods-bounceOSCs.debug.xcconfig"; sourceTree = "<group>"; };
		9BA7BA15B3B83AE03B3EEF2C /* Pods_bounceOSCs.framework */ = {isa = PBXFileReference; explicitFileType = wrapper.framework; includeInIndex = 0; path = Pods_bounceOSCs.framework; sourceTree = BUILT_PRODUCTS_DIR; };
		F0345E6E1ED495CA00D1038A /* bounceOSCs.app */ = {isa = PBXFileReference; explicitFileType = wrapper.application; includeInIndex = 0; path = bounceOSCs.app; sourceTree = BUILT_PRODUCTS_DIR; };
		F0345E711ED495CA00D1038A /* AppDelegate.swift */ = {isa = PBXFileReference; lastKnownFileType = sourcecode.swift; path = AppDelegate.swift; sourceTree = "<group>"; };
		F0345E731ED495CA00D1038A /* FirstViewController.swift */ = {isa = PBXFileReference; lastKnownFileType = sourcecode.swift; path = FirstViewController.swift; sourceTree = "<group>"; };
		F0345E751ED495CA00D1038A /* SecondViewController.swift */ = {isa = PBXFileReference; lastKnownFileType = sourcecode.swift; path = SecondViewController.swift; sourceTree = "<group>"; };
		F0345E781ED495CA00D1038A /* Base */ = {isa = PBXFileReference; lastKnownFileType = file.storyboard; name = Base; path = Base.lproj/Main.storyboard; sourceTree = "<group>"; };
		F0345E7A1ED495CA00D1038A /* Assets.xcassets */ = {isa = PBXFileReference; lastKnownFileType = folder.assetcatalog; path = Assets.xcassets; sourceTree = "<group>"; };
		F0345E7D1ED495CA00D1038A /* Base */ = {isa = PBXFileReference; lastKnownFileType = file.storyboard; name = Base; path = Base.lproj/LaunchScreen.storyboard; sourceTree = "<group>"; };
		F0345E7F1ED495CA00D1038A /* Info.plist */ = {isa = PBXFileReference; lastKnownFileType = text.plist.xml; path = Info.plist; sourceTree = "<group>"; };
		F0345E851ED4AA0700D1038A /* SensorController.swift */ = {isa = PBXFileReference; fileEncoding = 4; lastKnownFileType = sourcecode.swift; path = SensorController.swift; sourceTree = "<group>"; };
/* End PBXFileReference section */

/* Begin PBXFrameworksBuildPhase section */
		F0345E6B1ED495CA00D1038A /* Frameworks */ = {
			isa = PBXFrameworksBuildPhase;
			buildActionMask = 2147483647;
			files = (
				279FAA1D57B03FEFB1A92AFA /* Pods_bounceOSCs.framework in Frameworks */,
			);
			runOnlyForDeploymentPostprocessing = 0;
		};
/* End PBXFrameworksBuildPhase section */

/* Begin PBXGroup section */
		9BF2681FA86C66BAB1AE2CE1 /* Frameworks */ = {
			isa = PBXGroup;
			children = (
				9BA7BA15B3B83AE03B3EEF2C /* Pods_bounceOSCs.framework */,
			);
			name = Frameworks;
			sourceTree = "<group>";
		};
		C074747FD0DBA4F027DDBC9D /* Pods */ = {
			isa = PBXGroup;
			children = (
				6AA8B20FC592CF5F13144390 /* Pods-bounceOSCs.debug.xcconfig */,
				5C6B2055AE0AB9877DAFC5AC /* Pods-bounceOSCs.release.xcconfig */,
			);
			name = Pods;
			sourceTree = "<group>";
		};
		F0345E651ED495CA00D1038A = {
			isa = PBXGroup;
			children = (
				F0345E701ED495CA00D1038A /* bounceOSCs */,
				F0345E6F1ED495CA00D1038A /* Products */,
				C074747FD0DBA4F027DDBC9D /* Pods */,
				9BF2681FA86C66BAB1AE2CE1 /* Frameworks */,
			);
			sourceTree = "<group>";
		};
		F0345E6F1ED495CA00D1038A /* Products */ = {
			isa = PBXGroup;
			children = (
				F0345E6E1ED495CA00D1038A /* bounceOSCs.app */,
			);
			name = Products;
			sourceTree = "<group>";
		};
		F0345E701ED495CA00D1038A /* bounceOSCs */ = {
			isa = PBXGroup;
			children = (
				F0345E711ED495CA00D1038A /* AppDelegate.swift */,
				F0345E731ED495CA00D1038A /* FirstViewController.swift */,
				F0345E751ED495CA00D1038A /* SecondViewController.swift */,
				F0345E851ED4AA0700D1038A /* SensorController.swift */,
				F0345E771ED495CA00D1038A /* Main.storyboard */,
				F0345E7A1ED495CA00D1038A /* Assets.xcassets */,
				F0345E7C1ED495CA00D1038A /* LaunchScreen.storyboard */,
				F0345E7F1ED495CA00D1038A /* Info.plist */,
			);
			path = bounceOSCs;
			sourceTree = "<group>";
		};
/* End PBXGroup section */

/* Begin PBXNativeTarget section */
		F0345E6D1ED495CA00D1038A /* bounceOSCs */ = {
			isa = PBXNativeTarget;
			buildConfigurationList = F0345E821ED495CA00D1038A /* Build configuration list for PBXNativeTarget "bounceOSCs" */;
			buildPhases = (
				C97ACDB5BB40B2D0458AD058 /* [CP] Check Pods Manifest.lock */,
				F0345E6A1ED495CA00D1038A /* Sources */,
				F0345E6B1ED495CA00D1038A /* Frameworks */,
				F0345E6C1ED495CA00D1038A /* Resources */,
				D89839BD6967FCA14ED54CC2 /* [CP] Embed Pods Frameworks */,
				741856B20504B4C02ED411E5 /* [CP] Copy Pods Resources */,
			);
			buildRules = (
			);
			dependencies = (
			);
			name = bounceOSCs;
			productName = bounceOSCs;
			productReference = F0345E6E1ED495CA00D1038A /* bounceOSCs.app */;
			productType = "com.apple.product-type.application";
		};
/* End PBXNativeTarget section */

/* Begin PBXProject section */
		F0345E661ED495CA00D1038A /* Project object */ = {
			isa = PBXProject;
			attributes = {
				LastSwiftUpdateCheck = 0830;
				LastUpgradeCheck = 0830;
				ORGANIZATIONNAME = "Stephen OHara";
				TargetAttributes = {
					F0345E6D1ED495CA00D1038A = {
						CreatedOnToolsVersion = 8.3.2;
						DevelopmentTeam = G9C3VREPPJ;
						ProvisioningStyle = Automatic;
					};
				};
			};
			buildConfigurationList = F0345E691ED495CA00D1038A /* Build configuration list for PBXProject "bounceOSCs" */;
			compatibilityVersion = "Xcode 3.2";
			developmentRegion = English;
			hasScannedForEncodings = 0;
			knownRegions = (
				en,
				Base,
			);
			mainGroup = F0345E651ED495CA00D1038A;
			productRefGroup = F0345E6F1ED495CA00D1038A /* Products */;
			projectDirPath = "";
			projectRoot = "";
			targets = (
				F0345E6D1ED495CA00D1038A /* bounceOSCs */,
			);
		};
/* End PBXProject section */

/* Begin PBXResourcesBuildPhase section */
		F0345E6C1ED495CA00D1038A /* Resources */ = {
			isa = PBXResourcesBuildPhase;
			buildActionMask = 2147483647;
			files = (
				F0345E7E1ED495CA00D1038A /* LaunchScreen.storyboard in Resources */,
				F0345E7B1ED495CA00D1038A /* Assets.xcassets in Resources */,
				F0345E791ED495CA00D1038A /* Main.storyboard in Resources */,
			);
			runOnlyForDeploymentPostprocessing = 0;
		};
/* End PBXResourcesBuildPhase section */

/* Begin PBXShellScriptBuildPhase section */
		741856B20504B4C02ED411E5 /* [CP] Copy Pods Resources */ = {
			isa = PBXShellScriptBuildPhase;
			buildActionMask = 2147483647;
			files = (
			);
			inputPaths = (
			);
			name = "[CP] Copy Pods Resources";
			outputPaths = (
			);
			runOnlyForDeploymentPostprocessing = 0;
			shellPath = /bin/sh;
			shellScript = "\"${SRCROOT}/Pods/Target Support Files/Pods-bounceOSCs/Pods-bounceOSCs-resources.sh\"\n";
			showEnvVarsInLog = 0;
		};
		C97ACDB5BB40B2D0458AD058 /* [CP] Check Pods Manifest.lock */ = {
			isa = PBXShellScriptBuildPhase;
			buildActionMask = 2147483647;
			files = (
			);
			inputPaths = (
			);
			name = "[CP] Check Pods Manifest.lock";
			outputPaths = (
			);
			runOnlyForDeploymentPostprocessing = 0;
			shellPath = /bin/sh;
			shellScript = "diff \"${PODS_ROOT}/../Podfile.lock\" \"${PODS_ROOT}/Manifest.lock\" > /dev/null\nif [[ $? != 0 ]] ; then\n    cat << EOM\nerror: The sandbox is not in sync with the Podfile.lock. Run 'pod install' or update your CocoaPods installation.\nEOM\n    exit 1\nfi\n";
			showEnvVarsInLog = 0;
		};
		D89839BD6967FCA14ED54CC2 /* [CP] Embed Pods Frameworks */ = {
			isa = PBXShellScriptBuildPhase;
			buildActionMask = 2147483647;
			files = (
			);
			inputPaths = (
			);
			name = "[CP] Embed Pods Frameworks";
			outputPaths = (
			);
			runOnlyForDeploymentPostprocessing = 0;
			shellPath = /bin/sh;
			shellScript = "\"${SRCROOT}/Pods/Target Support Files/Pods-bounceOSCs/Pods-bounceOSCs-frameworks.sh\"\n";
			showEnvVarsInLog = 0;
		};
/* End PBXShellScriptBuildPhase section */

/* Begin PBXSourcesBuildPhase section */
		F0345E6A1ED495CA00D1038A /* Sources */ = {
			isa = PBXSourcesBuildPhase;
			buildActionMask = 2147483647;
			files = (
				F0345E761ED495CA00D1038A /* SecondViewController.swift in Sources */,
				F0345E721ED495CA00D1038A /* AppDelegate.swift in Sources */,
				F0345E741ED495CA00D1038A /* FirstViewController.swift in Sources */,
				F0345E861ED4AA0700D1038A /* SensorController.swift in Sources */,
			);
			runOnlyForDeploymentPostprocessing = 0;
		};
/* End PBXSourcesBuildPhase section */

/* Begin PBXVariantGroup section */
		F0345E771ED495CA00D1038A /* Main.storyboard */ = {
			isa = PBXVariantGroup;
			children = (
				F0345E781ED495CA00D1038A /* Base */,
			);
			name = Main.storyboard;
			sourceTree = "<group>";
		};
		F0345E7C1ED495CA00D1038A /* LaunchScreen.storyboard */ = {
			isa = PBXVariantGroup;
			children = (
				F0345E7D1ED495CA00D1038A /* Base */,
			);
			name = LaunchScreen.storyboard;
			sourceTree = "<group>";
		};
/* End PBXVariantGroup section */

/* Begin XCBuildConfiguration section */
		F0345E801ED495CA00D1038A /* Debug */ = {
			isa = XCBuildConfiguration;
			buildSettings = {
				ALWAYS_SEARCH_USER_PATHS = NO;
				CLANG_ANALYZER_NONNULL = YES;
				CLANG_ANALYZER_NUMBER_OBJECT_CONVERSION = YES_AGGRESSIVE;
				CLANG_CXX_LANGUAGE_STANDARD = "gnu++0x";
				CLANG_CXX_LIBRARY = "libc++";
				CLANG_ENABLE_MODULES = YES;
				CLANG_ENABLE_OBJC_ARC = YES;
				CLANG_WARN_BOOL_CONVERSION = YES;
				CLANG_WARN_CONSTANT_CONVERSION = YES;
				CLANG_WARN_DIRECT_OBJC_ISA_USAGE = YES_ERROR;
				CLANG_WARN_DOCUMENTATION_COMMENTS = YES;
				CLANG_WARN_EMPTY_BODY = YES;
				CLANG_WARN_ENUM_CONVERSION = YES;
				CLANG_WARN_INFINITE_RECURSION = YES;
				CLANG_WARN_INT_CONVERSION = YES;
				CLANG_WARN_OBJC_ROOT_CLASS = YES_ERROR;
				CLANG_WARN_SUSPICIOUS_MOVE = YES;
				CLANG_WARN_UNREACHABLE_CODE = YES;
				CLANG_WARN__DUPLICATE_METHOD_MATCH = YES;
				"CODE_SIGN_IDENTITY[sdk=iphoneos*]" = "iPhone Developer";
				COPY_PHASE_STRIP = NO;
				DEBUG_INFORMATION_FORMAT = dwarf;
				ENABLE_STRICT_OBJC_MSGSEND = YES;
				ENABLE_TESTABILITY = YES;
				GCC_C_LANGUAGE_STANDARD = gnu99;
				GCC_DYNAMIC_NO_PIC = NO;
				GCC_NO_COMMON_BLOCKS = YES;
				GCC_OPTIMIZATION_LEVEL = 0;
				GCC_PREPROCESSOR_DEFINITIONS = (
					"DEBUG=1",
					"$(inherited)",
				);
				GCC_WARN_64_TO_32_BIT_CONVERSION = YES;
				GCC_WARN_ABOUT_RETURN_TYPE = YES_ERROR;
				GCC_WARN_UNDECLARED_SELECTOR = YES;
				GCC_WARN_UNINITIALIZED_AUTOS = YES_AGGRESSIVE;
				GCC_WARN_UNUSED_FUNCTION = YES;
				GCC_WARN_UNUSED_VARIABLE = YES;
				IPHONEOS_DEPLOYMENT_TARGET = 10.3;
				MTL_ENABLE_DEBUG_INFO = YES;
				ONLY_ACTIVE_ARCH = YES;
				SDKROOT = iphoneos;
				SWIFT_ACTIVE_COMPILATION_CONDITIONS = DEBUG;
				SWIFT_OPTIMIZATION_LEVEL = "-Onone";
				TARGETED_DEVICE_FAMILY = "1,2";
			};
			name = Debug;
		};
		F0345E811ED495CA00D1038A /* Release */ = {
			isa = XCBuildConfiguration;
			buildSettings = {
				ALWAYS_SEARCH_USER_PATHS = NO;
				CLANG_ANALYZER_NONNULL = YES;
				CLANG_ANALYZER_NUMBER_OBJECT_CONVERSION = YES_AGGRESSIVE;
				CLANG_CXX_LANGUAGE_STANDARD = "gnu++0x";
				CLANG_CXX_LIBRARY = "libc++";
				CLANG_ENABLE_MODULES = YES;
				CLANG_ENABLE_OBJC_ARC = YES;
				CLANG_WARN_BOOL_CONVERSION = YES;
				CLANG_WARN_CONSTANT_CONVERSION = YES;
				CLANG_WARN_DIRECT_OBJC_ISA_USAGE = YES_ERROR;
				CLANG_WARN_DOCUMENTATION_COMMENTS = YES;
				CLANG_WARN_EMPTY_BODY = YES;
				CLANG_WARN_ENUM_CONVERSION = YES;
				CLANG_WARN_INFINITE_RECURSION = YES;
				CLANG_WARN_INT_CONVERSION = YES;
				CLANG_WARN_OBJC_ROOT_CLASS = YES_ERROR;
				CLANG_WARN_SUSPICIOUS_MOVE = YES;
				CLANG_WARN_UNREACHABLE_CODE = YES;
				CLANG_WARN__DUPLICATE_METHOD_MATCH = YES;
				"CODE_SIGN_IDENTITY[sdk=iphoneos*]" = "iPhone Developer";
				COPY_PHASE_STRIP = NO;
				DEBUG_INFORMATION_FORMAT = "dwarf-with-dsym";
				ENABLE_NS_ASSERTIONS = NO;
				ENABLE_STRICT_OBJC_MSGSEND = YES;
				GCC_C_LANGUAGE_STANDARD = gnu99;
				GCC_NO_COMMON_BLOCKS = YES;
				GCC_WARN_64_TO_32_BIT_CONVERSION = YES;
				GCC_WARN_ABOUT_RETURN_TYPE = YES_ERROR;
				GCC_WARN_UNDECLARED_SELECTOR = YES;
				GCC_WARN_UNINITIALIZED_AUTOS = YES_AGGRESSIVE;
				GCC_WARN_UNUSED_FUNCTION = YES;
				GCC_WARN_UNUSED_VARIABLE = YES;
				IPHONEOS_DEPLOYMENT_TARGET = 10.3;
				MTL_ENABLE_DEBUG_INFO = NO;
				SDKROOT = iphoneos;
				SWIFT_OPTIMIZATION_LEVEL = "-Owholemodule";
				TARGETED_DEVICE_FAMILY = "1,2";
				VALIDATE_PRODUCT = YES;
			};
			name = Release;
		};
		F0345E831ED495CA00D1038A /* Debug */ = {
			isa = XCBuildConfiguration;
			baseConfigurationReference = 6AA8B20FC592CF5F13144390 /* Pods-bounceOSCs.debug.xcconfig */;
			buildSettings = {
				ASSETCATALOG_COMPILER_APPICON_NAME = AppIcon;
				DEVELOPMENT_TEAM = G9C3VREPPJ;
				INFOPLIST_FILE = bounceOSCs/Info.plist;
				IPHONEOS_DEPLOYMENT_TARGET = 9.3;
				LD_RUNPATH_SEARCH_PATHS = "$(inherited) @executable_path/Frameworks";
				PRODUCT_BUNDLE_IDENTIFIER = com.sohla.bounceOSCs;
				PRODUCT_NAME = "$(TARGET_NAME)";
				SWIFT_VERSION = 3.0;
			};
			name = Debug;
		};
		F0345E841ED495CA00D1038A /* Release */ = {
			isa = XCBuildConfiguration;
			baseConfigurationReference = 5C6B2055AE0AB9877DAFC5AC /* Pods-bounceOSCs.release.xcconfig */;
			buildSettings = {
				ASSETCATALOG_COMPILER_APPICON_NAME = AppIcon;
				DEVELOPMENT_TEAM = G9C3VREPPJ;
				INFOPLIST_FILE = bounceOSCs/Info.plist;
				IPHONEOS_DEPLOYMENT_TARGET = 9.3;
				LD_RUNPATH_SEARCH_PATHS = "$(inherited) @executable_path/Frameworks";
				PRODUCT_BUNDLE_IDENTIFIER = com.sohla.bounceOSCs;
				PRODUCT_NAME = "$(TARGET_NAME)";
				SWIFT_VERSION = 3.0;
			};
			name = Release;
		};
/* End XCBuildConfiguration section */

/* Begin XCConfigurationList section */
		F0345E691ED495CA00D1038A /* Build configuration list for PBXProject "bounceOSCs" */ = {
			isa = XCConfigurationList;
			buildConfigurations = (
				F0345E801ED495CA00D1038A /* Debug */,
				F0345E811ED495CA00D1038A /* Release */,
			);
			defaultConfigurationIsVisible = 0;
			defaultConfigurationName = Release;
		};
		F0345E821ED495CA00D1038A /* Build configuration list for PBXNativeTarget "bounceOSCs" */ = {
			isa = XCConfigurationList;
			buildConfigurations = (
				F0345E831ED495CA00D1038A /* Debug */,
				F0345E841ED495CA00D1038A /* Release */,
			);
			defaultConfigurationIsVisible = 0;
			defaultConfigurationName = Release;
		};
/* End XCConfigurationList section */
	};
	rootObject = F0345E661ED495CA00D1038A /* Project object */;
}
