PODS:
  - AudioKit (4.5.2):
    - AudioKit/Core (= 4.5.2)
    - AudioKit/UI (= 4.5.2)
  - AudioKit/Core (4.5.2)
  - AudioKit/UI (4.5.2):
    - AudioKit/Core
  - CocoaAsyncSocket (7.6.3)
  - MMLanScan (3.0.0)
  - OSCKit (0.3.5):
    - CocoaAsyncSocket (~> 7.3)
  - Pantry (0.3)

DEPENDENCIES:
  - AudioKit
  - MMLanScan
  - OSCKit
  - Pantry

SPEC REPOS:
  https://github.com/CocoaPods/Specs.git:
    - AudioKit
    - CocoaAsyncSocket
    - MMLanScan
    - OSCKit
    - Pantry

SPEC CHECKSUMS:
  AudioKit: af6770360f1d8b2aed16ce2802dafe69f0e592d0
  CocoaAsyncSocket: eafaa68a7e0ec99ead0a7b35015e0bf25d2c8987
  MMLanScan: 86a0f77edbf163be30c1f58321469c7c8ce4c50e
  OSCKit: 4470dbd30bc792dcf66dc4e7b5d1ec7174add33c
  Pantry: 98481849be65d2b2cb9658976533e84ebd266192

PODFILE CHECKSUM: 65ec052a76fc30dd9e83c9d9d2dfd4a262822ecc

COCOAPODS: 1.5.0
